
Microsoft Visual Studio Solution File, Format Version 12.00
# Visual Studio 15
VisualStudioVersion = 15.0.28010.2019
MinimumVisualStudioVersion = 10.0.40219.1
Project("{FAE04EC0-301F-11D3-BF4B-00C04F79EFBC}") = "textrecognitioncamera", "textrecognitioncamera\textrecognitioncamera.csproj", "{80F8164B-A648-489F-B187-390B15CD14DD}"
EndProject
Global
	GlobalSection(SolutionConfigurationPlatforms) = preSolution
		Debug|Any CPU = Debug|Any CPU
		Release|Any CPU = Release|Any CPU
	EndGlobalSection
	GlobalSection(ProjectConfigurationPlatforms) = postSolution
		{80F8164B-A648-489F-B187-390B15CD14DD}.Debug|Any CPU.ActiveCfg = Debug|Any CPU
		{80F8164B-A648-489F-B187-390B15CD14DD}.Debug|Any CPU.Build.0 = Debug|Any CPU
		{80F8164B-A648-489F-B187-390B15CD14DD}.Debug|Any CPU.Deploy.0 = Debug|Any CPU
		{80F8164B-A648-489F-B187-390B15CD14DD}.Release|Any CPU.ActiveCfg = Release|Any CPU
		{80F8164B-A648-489F-B187-390B15CD14DD}.Release|Any CPU.Build.0 = Release|Any CPU
		{80F8164B-A648-489F-B187-390B15CD14DD}.Release|Any CPU.Deploy.0 = Release|Any CPU
	EndGlobalSection
	GlobalSection(SolutionProperties) = preSolution
		HideSolutionNode = FALSE
	EndGlobalSection
	GlobalSection(ExtensibilityGlobals) = postSolution
		SolutionGuid = {B40257B4-D6A3-461C-B409-B7BE27931EF5}
	EndGlobalSection
EndGlobal
